<Solution>
  <Folder Name="/VehicleInventoryService/">
    <Project Path="VehicleInventory.Application/VehicleInventory.ApplicationNS.csproj" />
    <Project Path="VehicleInventory.Domain/VehicleInventory.Domain.csproj" />
    <Project Path="VehicleInventory.Infrastructure/VehicleInventory.InfrastructureNS.csproj" />
    <Project Path="VehicleInventory.WebAPI/VehicleInventory.WebAPINS.csproj" />
  </Folder>
</Solution>
